// !$*UTF8*$!
{
	archiveVersion = 1;
	classes = {
	};
	objectVersion = 77;
	objects = {

/* Begin PBXBuildFile section */
		C23730DA2D2C88AE00EBA542 /* ContentView.swift in Sources */ = {isa = PBXBuildFile; fileRef = C23730D32D2C88AE00EBA542 /* ContentView.swift */; };
		C23730DB2D2C88AE00EBA542 /* Persistence.swift in Sources */ = {isa = PBXBuildFile; fileRef = C23730D42D2C88AE00EBA542 /* Persistence.swift */; };
		C2513FF22D40510A007B4C52 /* ProfileView.swift in Sources */ = {isa = PBXBuildFile; fileRef = C2513FF12D40510A007B4C52 /* ProfileView.swift */; };
		C28D53932D2CD7F1007605F3 /* TimeBox_Task+CoreDataProperties.swift in Sources */ = {isa = PBXBuildFile; fileRef = C28D53922D2CD7F1007605F3 /* TimeBox_Task+CoreDataProperties.swift */; };
		C28D53942D2CD7F1007605F3 /* TimeBox_Task+CoreDataClass.swift in Sources */ = {isa = PBXBuildFile; fileRef = C28D53912D2CD7F1007605F3 /* TimeBox_Task+CoreDataClass.swift */; };
		C2BDBA5A2D3C527D005E8E68 /* TaskRowCompact.swift in Sources */ = {isa = PBXBuildFile; fileRef = C2BDBA592D3C527D005E8E68 /* TaskRowCompact.swift */; };
		C2BDBA5C2D3C529E005E8E68 /* AddTaskView.swift in Sources */ = {isa = PBXBuildFile; fileRef = C2BDBA5B2D3C529E005E8E68 /* AddTaskView.swift */; };
		C2BDBA5E2D3C52B7005E8E68 /* TaskDescriptionPopup.swift in Sources */ = {isa = PBXBuildFile; fileRef = C2BDBA5D2D3C52B7005E8E68 /* TaskDescriptionPopup.swift */; };
/* End PBXBuildFile section */

/* Begin PBXContainerItemProxy section */
		C23730A02D2C85E800EBA542 /* PBXContainerItemProxy */ = {
			isa = PBXContainerItemProxy;
			containerPortal = C23730822D2C85E700EBA542 /* Project object */;
			proxyType = 1;
			remoteGlobalIDString = C23730892D2C85E700EBA542;
			remoteInfo = TimeBox;
		};
		C23730AA2D2C85E800EBA542 /* PBXContainerItemProxy */ = {
			isa = PBXContainerItemProxy;
			containerPortal = C23730822D2C85E700EBA542 /* Project object */;
			proxyType = 1;
			remoteGlobalIDString = C23730892D2C85E700EBA542;
			remoteInfo = TimeBox;
		};
/* End PBXContainerItemProxy section */

/* Begin PBXFileReference section */
		C237308A2D2C85E700EBA542 /* TimeBox.app */ = {isa = PBXFileReference; explicitFileType = wrapper.application; includeInIndex = 0; path = TimeBox.app; sourceTree = BUILT_PRODUCTS_DIR; };
		C237309F2D2C85E800EBA542 /* TimeBoxTests.xctest */ = {isa = PBXFileReference; explicitFileType = wrapper.cfbundle; includeInIndex = 0; path = TimeBoxTests.xctest; sourceTree = BUILT_PRODUCTS_DIR; };
		C23730A92D2C85E800EBA542 /* TimeBoxUITests.xctest */ = {isa = PBXFileReference; explicitFileType = wrapper.cfbundle; includeInIndex = 0; path = TimeBoxUITests.xctest; sourceTree = BUILT_PRODUCTS_DIR; };
		C23730D32D2C88AE00EBA542 /* ContentView.swift */ = {isa = PBXFileReference; lastKnownFileType = sourcecode.swift; path = ContentView.swift; sourceTree = "<group>"; };
		C23730D42D2C88AE00EBA542 /* Persistence.swift */ = {isa = PBXFileReference; lastKnownFileType = sourcecode.swift; path = Persistence.swift; sourceTree = "<group>"; };
		C2513FF12D40510A007B4C52 /* ProfileView.swift */ = {isa = PBXFileReference; lastKnownFileType = sourcecode.swift; path = ProfileView.swift; sourceTree = "<group>"; };
		C28D53912D2CD7F1007605F3 /* TimeBox_Task+CoreDataClass.swift */ = {isa = PBXFileReference; lastKnownFileType = sourcecode.swift; path = "TimeBox_Task+CoreDataClass.swift"; sourceTree = "<group>"; };
		C28D53922D2CD7F1007605F3 /* TimeBox_Task+CoreDataProperties.swift */ = {isa = PBXFileReference; lastKnownFileType = sourcecode.swift; path = "TimeBox_Task+CoreDataProperties.swift"; sourceTree = "<group>"; };
		C2BDBA592D3C527D005E8E68 /* TaskRowCompact.swift */ = {isa = PBXFileReference; lastKnownFileType = sourcecode.swift; path = TaskRowCompact.swift; sourceTree = "<group>"; };
		C2BDBA5B2D3C529E005E8E68 /* AddTaskView.swift */ = {isa = PBXFileReference; lastKnownFileType = sourcecode.swift; path = AddTaskView.swift; sourceTree = "<group>"; };
		C2BDBA5D2D3C52B7005E8E68 /* TaskDescriptionPopup.swift */ = {isa = PBXFileReference; lastKnownFileType = sourcecode.swift; path = TaskDescriptionPopup.swift; sourceTree = "<group>"; };
/* End PBXFileReference section */

/* Begin PBXFileSystemSynchronizedRootGroup section */
		C237308C2D2C85E700EBA542 /* TimeBox */ = {
			isa = PBXFileSystemSynchronizedRootGroup;
			path = TimeBox;
			sourceTree = "<group>";
		};
		C23730A22D2C85E800EBA542 /* TimeBoxTests */ = {
			isa = PBXFileSystemSynchronizedRootGroup;
			path = TimeBoxTests;
			sourceTree = "<group>";
		};
		C23730AC2D2C85E800EBA542 /* TimeBoxUITests */ = {
			isa = PBXFileSystemSynchronizedRootGroup;
			path = TimeBoxUITests;
			sourceTree = "<group>";
		};
		C2513FF32D4055D3007B4C52 /* Challenges_Solving */ = {
			isa = PBXFileSystemSynchronizedRootGroup;
			path = Challenges_Solving;
			sourceTree = "<group>";
		};
/* End PBXFileSystemSynchronizedRootGroup section */

/* Begin PBXFrameworksBuildPhase section */
		C23730872D2C85E700EBA542 /* Frameworks */ = {
			isa = PBXFrameworksBuildPhase;
			buildActionMask = 2147483647;
			files = (
			);
			runOnlyForDeploymentPostprocessing = 0;
		};
		C237309C2D2C85E800EBA542 /* Frameworks */ = {
			isa = PBXFrameworksBuildPhase;
			buildActionMask = 2147483647;
			files = (
			);
			runOnlyForDeploymentPostprocessing = 0;
		};
		C23730A62D2C85E800EBA542 /* Frameworks */ = {
			isa = PBXFrameworksBuildPhase;
			buildActionMask = 2147483647;
			files = (
			);
			runOnlyForDeploymentPostprocessing = 0;
		};
/* End PBXFrameworksBuildPhase section */

/* Begin PBXGroup section */
		C23730812D2C85E700EBA542 = {
			isa = PBXGroup;
			children = (
				C23730E82D2C89E700EBA542 /* Resources */,
				C23730E72D2C89E000EBA542 /* Services */,
				C23730E52D2C89D000EBA542 /* Models */,
				C23730E42D2C89C900EBA542 /* Views */,
				C2513FF32D4055D3007B4C52 /* Challenges_Solving */,
				C237308C2D2C85E700EBA542 /* TimeBox */,
				C23730A22D2C85E800EBA542 /* TimeBoxTests */,
				C23730AC2D2C85E800EBA542 /* TimeBoxUITests */,
				C237308B2D2C85E700EBA542 /* Products */,
			);
			sourceTree = "<group>";
		};
		C237308B2D2C85E700EBA542 /* Products */ = {
			isa = PBXGroup;
			children = (
				C237308A2D2C85E700EBA542 /* TimeBox.app */,
				C237309F2D2C85E800EBA542 /* TimeBoxTests.xctest */,
				C23730A92D2C85E800EBA542 /* TimeBoxUITests.xctest */,
			);
			name = Products;
			sourceTree = "<group>";
		};
		C23730E42D2C89C900EBA542 /* Views */ = {
			isa = PBXGroup;
			children = (
				C23730D32D2C88AE00EBA542 /* ContentView.swift */,
				C2BDBA592D3C527D005E8E68 /* TaskRowCompact.swift */,
				C2BDBA5B2D3C529E005E8E68 /* AddTaskView.swift */,
				C2BDBA5D2D3C52B7005E8E68 /* TaskDescriptionPopup.swift */,
				C2513FF12D40510A007B4C52 /* ProfileView.swift */,
			);
			path = Views;
			sourceTree = "<group>";
		};
		C23730E52D2C89D000EBA542 /* Models */ = {
			isa = PBXGroup;
			children = (
				C28D53912D2CD7F1007605F3 /* TimeBox_Task+CoreDataClass.swift */,
				C28D53922D2CD7F1007605F3 /* TimeBox_Task+CoreDataProperties.swift */,
			);
			path = Models;
			sourceTree = "<group>";
		};
		C23730E72D2C89E000EBA542 /* Services */ = {
			isa = PBXGroup;
			children = (
				C23730D42D2C88AE00EBA542 /* Persistence.swift */,
			);
			path = Services;
			sourceTree = "<group>";
		};
		C23730E82D2C89E700EBA542 /* Resources */ = {
			isa = PBXGroup;
			children = (
			);
			path = Resources;
			sourceTree = "<group>";
		};
/* End PBXGroup section */

/* Begin PBXNativeTarget section */
		C23730892D2C85E700EBA542 /* TimeBox */ = {
			isa = PBXNativeTarget;
			buildConfigurationList = C23730B32D2C85E800EBA542 /* Build configuration list for PBXNativeTarget "TimeBox" */;
			buildPhases = (
				C23730862D2C85E700EBA542 /* Sources */,
				C23730872D2C85E700EBA542 /* Frameworks */,
				C23730882D2C85E700EBA542 /* Resources */,
			);
			buildRules = (
			);
			dependencies = (
			);
			fileSystemSynchronizedGroups = (
				C237308C2D2C85E700EBA542 /* TimeBox */,
				C2513FF32D4055D3007B4C52 /* Challenges_Solving */,
			);
			name = TimeBox;
			packageProductDependencies = (
			);
			productName = TimeBox;
			productReference = C237308A2D2C85E700EBA542 /* TimeBox.app */;
			productType = "com.apple.product-type.application";
		};
		C237309E2D2C85E800EBA542 /* TimeBoxTests */ = {
			isa = PBXNativeTarget;
			buildConfigurationList = C23730B62D2C85E800EBA542 /* Build configuration list for PBXNativeTarget "TimeBoxTests" */;
			buildPhases = (
				C237309B2D2C85E800EBA542 /* Sources */,
				C237309C2D2C85E800EBA542 /* Frameworks */,
				C237309D2D2C85E800EBA542 /* Resources */,
			);
			buildRules = (
			);
			dependencies = (
				C23730A12D2C85E800EBA542 /* PBXTargetDependency */,
			);
			fileSystemSynchronizedGroups = (
				C23730A22D2C85E800EBA542 /* TimeBoxTests */,
			);
			name = TimeBoxTests;
			packageProductDependencies = (
			);
			productName = TimeBoxTests;
			productReference = C237309F2D2C85E800EBA542 /* TimeBoxTests.xctest */;
			productType = "com.apple.product-type.bundle.unit-test";
		};
		C23730A82D2C85E800EBA542 /* TimeBoxUITests */ = {
			isa = PBXNativeTarget;
			buildConfigurationList = C23730B92D2C85E800EBA542 /* Build configuration list for PBXNativeTarget "TimeBoxUITests" */;
			buildPhases = (
				C23730A52D2C85E800EBA542 /* Sources */,
				C23730A62D2C85E800EBA542 /* Frameworks */,
				C23730A72D2C85E800EBA542 /* Resources */,
			);
			buildRules = (
			);
			dependencies = (
				C23730AB2D2C85E800EBA542 /* PBXTargetDependency */,
			);
			fileSystemSynchronizedGroups = (
				C23730AC2D2C85E800EBA542 /* TimeBoxUITests */,
			);
			name = TimeBoxUITests;
			packageProductDependencies = (
			);
			productName = TimeBoxUITests;
			productReference = C23730A92D2C85E800EBA542 /* TimeBoxUITests.xctest */;
			productType = "com.apple.product-type.bundle.ui-testing";
		};
/* End PBXNativeTarget section */

/* Begin PBXProject section */
		C23730822D2C85E700EBA542 /* Project object */ = {
			isa = PBXProject;
			attributes = {
				BuildIndependentTargetsInParallel = 1;
				LastSwiftUpdateCheck = 1620;
				LastUpgradeCheck = 1620;
				TargetAttributes = {
					C23730892D2C85E700EBA542 = {
						CreatedOnToolsVersion = 16.2;
					};
					C237309E2D2C85E800EBA542 = {
						CreatedOnToolsVersion = 16.2;
						TestTargetID = C23730892D2C85E700EBA542;
					};
					C23730A82D2C85E800EBA542 = {
						CreatedOnToolsVersion = 16.2;
						TestTargetID = C23730892D2C85E700EBA542;
					};
				};
			};
			buildConfigurationList = C23730852D2C85E700EBA542 /* Build configuration list for PBXProject "TimeBox" */;
			developmentRegion = en;
			hasScannedForEncodings = 0;
			knownRegions = (
				en,
				Base,
			);
			mainGroup = C23730812D2C85E700EBA542;
			minimizedProjectReferenceProxies = 1;
			preferredProjectObjectVersion = 77;
			productRefGroup = C237308B2D2C85E700EBA542 /* Products */;
			projectDirPath = "";
			projectRoot = "";
			targets = (
				C23730892D2C85E700EBA542 /* TimeBox */,
				C237309E2D2C85E800EBA542 /* TimeBoxTests */,
				C23730A82D2C85E800EBA542 /* TimeBoxUITests */,
			);
		};
/* End PBXProject section */

/* Begin PBXResourcesBuildPhase section */
		C23730882D2C85E700EBA542 /* Resources */ = {
			isa = PBXResourcesBuildPhase;
			buildActionMask = 2147483647;
			files = (
			);
			runOnlyForDeploymentPostprocessing = 0;
		};
		C237309D2D2C85E800EBA542 /* Resources */ = {
			isa = PBXResourcesBuildPhase;
			buildActionMask = 2147483647;
			files = (
			);
			runOnlyForDeploymentPostprocessing = 0;
		};
		C23730A72D2C85E800EBA542 /* Resources */ = {
			isa = PBXResourcesBuildPhase;
			buildActionMask = 2147483647;
			files = (
			);
			runOnlyForDeploymentPostprocessing = 0;
		};
/* End PBXResourcesBuildPhase section */

/* Begin PBXSourcesBuildPhase section */
		C23730862D2C85E700EBA542 /* Sources */ = {
			isa = PBXSourcesBuildPhase;
			buildActionMask = 2147483647;
			files = (
				C2513FF22D40510A007B4C52 /* ProfileView.swift in Sources */,
				C2BDBA5E2D3C52B7005E8E68 /* TaskDescriptionPopup.swift in Sources */,
				C23730DA2D2C88AE00EBA542 /* ContentView.swift in Sources */,
				C2BDBA5C2D3C529E005E8E68 /* AddTaskView.swift in Sources */,
				C2BDBA5A2D3C527D005E8E68 /* TaskRowCompact.swift in Sources */,
				C23730DB2D2C88AE00EBA542 /* Persistence.swift in Sources */,
				C28D53932D2CD7F1007605F3 /* TimeBox_Task+CoreDataProperties.swift in Sources */,
				C28D53942D2CD7F1007605F3 /* TimeBox_Task+CoreDataClass.swift in Sources */,
			);
			runOnlyForDeploymentPostprocessing = 0;
		};
		C237309B2D2C85E800EBA542 /* Sources */ = {
			isa = PBXSourcesBuildPhase;
			buildActionMask = 2147483647;
			files = (
			);
			runOnlyForDeploymentPostprocessing = 0;
		};
		C23730A52D2C85E800EBA542 /* Sources */ = {
			isa = PBXSourcesBuildPhase;
			buildActionMask = 2147483647;
			files = (
			);
			runOnlyForDeploymentPostprocessing = 0;
		};
/* End PBXSourcesBuildPhase section */

/* Begin PBXTargetDependency section */
		C23730A12D2C85E800EBA542 /* PBXTargetDependency */ = {
			isa = PBXTargetDependency;
			target = C23730892D2C85E700EBA542 /* TimeBox */;
			targetProxy = C23730A02D2C85E800EBA542 /* PBXContainerItemProxy */;
		};
		C23730AB2D2C85E800EBA542 /* PBXTargetDependency */ = {
			isa = PBXTargetDependency;
			target = C23730892D2C85E700EBA542 /* TimeBox */;
			targetProxy = C23730AA2D2C85E800EBA542 /* PBXContainerItemProxy */;
		};
/* End PBXTargetDependency section */

/* Begin XCBuildConfiguration section */
		C23730B12D2C85E800EBA542 /* Debug */ = {
			isa = XCBuildConfiguration;
			buildSettings = {
				ALWAYS_SEARCH_USER_PATHS = NO;
				ASSETCATALOG_COMPILER_GENERATE_SWIFT_ASSET_SYMBOL_EXTENSIONS = YES;
				CLANG_ANALYZER_NONNULL = YES;
				CLANG_ANALYZER_NUMBER_OBJECT_CONVERSION = YES_AGGRESSIVE;
				CLANG_CXX_LANGUAGE_STANDARD = "gnu++20";
				CLANG_ENABLE_MODULES = YES;
				CLANG_ENABLE_OBJC_ARC = YES;
				CLANG_ENABLE_OBJC_WEAK = YES;
				CLANG_WARN_BLOCK_CAPTURE_AUTORELEASING = YES;
				CLANG_WARN_BOOL_CONVERSION = YES;
				CLANG_WARN_COMMA = YES;
				CLANG_WARN_CONSTANT_CONVERSION = YES;
				CLANG_WARN_DEPRECATED_OBJC_IMPLEMENTATIONS = YES;
				CLANG_WARN_DIRECT_OBJC_ISA_USAGE = YES_ERROR;
				CLANG_WARN_DOCUMENTATION_COMMENTS = YES;
				CLANG_WARN_EMPTY_BODY = YES;
				CLANG_WARN_ENUM_CONVERSION = YES;
				CLANG_WARN_INFINITE_RECURSION = YES;
				CLANG_WARN_INT_CONVERSION = YES;
				CLANG_WARN_NON_LITERAL_NULL_CONVERSION = YES;
				CLANG_WARN_OBJC_IMPLICIT_RETAIN_SELF = YES;
				CLANG_WARN_OBJC_LITERAL_CONVERSION = YES;
				CLANG_WARN_OBJC_ROOT_CLASS = YES_ERROR;
				CLANG_WARN_QUOTED_INCLUDE_IN_FRAMEWORK_HEADER = YES;
				CLANG_WARN_RANGE_LOOP_ANALYSIS = YES;
				CLANG_WARN_STRICT_PROTOTYPES = YES;
				CLANG_WARN_SUSPICIOUS_MOVE = YES;
				CLANG_WARN_UNGUARDED_AVAILABILITY = YES_AGGRESSIVE;
				CLANG_WARN_UNREACHABLE_CODE = YES;
				CLANG_WARN__DUPLICATE_METHOD_MATCH = YES;
				COPY_PHASE_STRIP = NO;
				DEBUG_INFORMATION_FORMAT = dwarf;
				ENABLE_STRICT_OBJC_MSGSEND = YES;
				ENABLE_TESTABILITY = YES;
				ENABLE_USER_SCRIPT_SANDBOXING = YES;
				GCC_C_LANGUAGE_STANDARD = gnu17;
				GCC_DYNAMIC_NO_PIC = NO;
				GCC_NO_COMMON_BLOCKS = YES;
				GCC_OPTIMIZATION_LEVEL = 0;
				GCC_PREPROCESSOR_DEFINITIONS = (
					"DEBUG=1",
					"$(inherited)",
				);
				GCC_WARN_64_TO_32_BIT_CONVERSION = YES;
				GCC_WARN_ABOUT_RETURN_TYPE = YES_ERROR;
				GCC_WARN_UNDECLARED_SELECTOR = YES;
				GCC_WARN_UNINITIALIZED_AUTOS = YES_AGGRESSIVE;
				GCC_WARN_UNUSED_FUNCTION = YES;
				GCC_WARN_UNUSED_VARIABLE = YES;
				IPHONEOS_DEPLOYMENT_TARGET = 18.1.1;
				LOCALIZATION_PREFERS_STRING_CATALOGS = YES;
				MTL_ENABLE_DEBUG_INFO = INCLUDE_SOURCE;
				MTL_FAST_MATH = YES;
				ONLY_ACTIVE_ARCH = YES;
				SDKROOT = iphoneos;
				SWIFT_ACTIVE_COMPILATION_CONDITIONS = "DEBUG $(inherited)";
				SWIFT_OPTIMIZATION_LEVEL = "-Onone";
			};
			name = Debug;
		};
		C23730B22D2C85E800EBA542 /* Release */ = {
			isa = XCBuildConfiguration;
			buildSettings = {
				ALWAYS_SEARCH_USER_PATHS = NO;
				ASSETCATALOG_COMPILER_GENERATE_SWIFT_ASSET_SYMBOL_EXTENSIONS = YES;
				CLANG_ANALYZER_NONNULL = YES;
				CLANG_ANALYZER_NUMBER_OBJECT_CONVERSION = YES_AGGRESSIVE;
				CLANG_CXX_LANGUAGE_STANDARD = "gnu++20";
				CLANG_ENABLE_MODULES = YES;
				CLANG_ENABLE_OBJC_ARC = YES;
				CLANG_ENABLE_OBJC_WEAK = YES;
				CLANG_WARN_BLOCK_CAPTURE_AUTORELEASING = YES;
				CLANG_WARN_BOOL_CONVERSION = YES;
				CLANG_WARN_COMMA = YES;
				CLANG_WARN_CONSTANT_CONVERSION = YES;
				CLANG_WARN_DEPRECATED_OBJC_IMPLEMENTATIONS = YES;
				CLANG_WARN_DIRECT_OBJC_ISA_USAGE = YES_ERROR;
				CLANG_WARN_DOCUMENTATION_COMMENTS = YES;
				CLANG_WARN_EMPTY_BODY = YES;
				CLANG_WARN_ENUM_CONVERSION = YES;
				CLANG_WARN_INFINITE_RECURSION = YES;
				CLANG_WARN_INT_CONVERSION = YES;
				CLANG_WARN_NON_LITERAL_NULL_CONVERSION = YES;
				CLANG_WARN_OBJC_IMPLICIT_RETAIN_SELF = YES;
				CLANG_WARN_OBJC_LITERAL_CONVERSION = YES;
				CLANG_WARN_OBJC_ROOT_CLASS = YES_ERROR;
				CLANG_WARN_QUOTED_INCLUDE_IN_FRAMEWORK_HEADER = YES;
				CLANG_WARN_RANGE_LOOP_ANALYSIS = YES;
				CLANG_WARN_STRICT_PROTOTYPES = YES;
				CLANG_WARN_SUSPICIOUS_MOVE = YES;
				CLANG_WARN_UNGUARDED_AVAILABILITY = YES_AGGRESSIVE;
				CLANG_WARN_UNREACHABLE_CODE = YES;
				CLANG_WARN__DUPLICATE_METHOD_MATCH = YES;
				COPY_PHASE_STRIP = NO;
				DEBUG_INFORMATION_FORMAT = "dwarf-with-dsym";
				ENABLE_NS_ASSERTIONS = NO;
				ENABLE_STRICT_OBJC_MSGSEND = YES;
				ENABLE_USER_SCRIPT_SANDBOXING = YES;
				GCC_C_LANGUAGE_STANDARD = gnu17;
				GCC_NO_COMMON_BLOCKS = YES;
				GCC_WARN_64_TO_32_BIT_CONVERSION = YES;
				GCC_WARN_ABOUT_RETURN_TYPE = YES_ERROR;
				GCC_WARN_UNDECLARED_SELECTOR = YES;
				GCC_WARN_UNINITIALIZED_AUTOS = YES_AGGRESSIVE;
				GCC_WARN_UNUSED_FUNCTION = YES;
				GCC_WARN_UNUSED_VARIABLE = YES;
				IPHONEOS_DEPLOYMENT_TARGET = 18.1.1;
				LOCALIZATION_PREFERS_STRING_CATALOGS = YES;
				MTL_ENABLE_DEBUG_INFO = NO;
				MTL_FAST_MATH = YES;
				SDKROOT = iphoneos;
				SWIFT_COMPILATION_MODE = wholemodule;
				VALIDATE_PRODUCT = YES;
			};
			name = Release;
		};
		C23730B42D2C85E800EBA542 /* Debug */ = {
			isa = XCBuildConfiguration;
			buildSettings = {
				ASSETCATALOG_COMPILER_APPICON_NAME = AppIcon;
				ASSETCATALOG_COMPILER_GLOBAL_ACCENT_COLOR_NAME = AccentColor;
				CODE_SIGN_STYLE = Automatic;
				CURRENT_PROJECT_VERSION = 1;
				DEVELOPMENT_ASSET_PATHS = "\"TimeBox/Preview Content\"";
				DEVELOPMENT_TEAM = Y343B42RKF;
				ENABLE_PREVIEWS = YES;
				GENERATE_INFOPLIST_FILE = YES;
				INFOPLIST_KEY_UIApplicationSceneManifest_Generation = YES;
				INFOPLIST_KEY_UIApplicationSupportsIndirectInputEvents = YES;
				INFOPLIST_KEY_UILaunchScreen_Generation = YES;
				INFOPLIST_KEY_UISupportedInterfaceOrientations_iPad = "UIInterfaceOrientationPortrait UIInterfaceOrientationPortraitUpsideDown UIInterfaceOrientationLandscapeLeft UIInterfaceOrientationLandscapeRight";
				INFOPLIST_KEY_UISupportedInterfaceOrientations_iPhone = "UIInterfaceOrientationPortrait UIInterfaceOrientationLandscapeLeft UIInterfaceOrientationLandscapeRight";
				IPHONEOS_DEPLOYMENT_TARGET = 18.0;
				LD_RUNPATH_SEARCH_PATHS = (
					"$(inherited)",
					"@executable_path/Frameworks",
				);
				MARKETING_VERSION = 1.0;
				PRODUCT_BUNDLE_IDENTIFIER = "Sathvik-Chowdary.TimeBox";
				PRODUCT_NAME = "$(TARGET_NAME)";
				SWIFT_EMIT_LOC_STRINGS = YES;
				SWIFT_VERSION = 5.0;
				TARGETED_DEVICE_FAMILY = "1,2";
			};
			name = Debug;
		};
		C23730B52D2C85E800EBA542 /* Release */ = {
			isa = XCBuildConfiguration;
			buildSettings = {
				ASSETCATALOG_COMPILER_APPICON_NAME = AppIcon;
				ASSETCATALOG_COMPILER_GLOBAL_ACCENT_COLOR_NAME = AccentColor;
				CODE_SIGN_STYLE = Automatic;
				CURRENT_PROJECT_VERSION = 1;
				DEVELOPMENT_ASSET_PATHS = "\"TimeBox/Preview Content\"";
				DEVELOPMENT_TEAM = Y343B42RKF;
				ENABLE_PREVIEWS = YES;
				GENERATE_INFOPLIST_FILE = YES;
				INFOPLIST_KEY_UIApplicationSceneManifest_Generation = YES;
				INFOPLIST_KEY_UIApplicationSupportsIndirectInputEvents = YES;
				INFOPLIST_KEY_UILaunchScreen_Generation = YES;
				INFOPLIST_KEY_UISupportedInterfaceOrientations_iPad = "UIInterfaceOrientationPortrait UIInterfaceOrientationPortraitUpsideDown UIInterfaceOrientationLandscapeLeft UIInterfaceOrientationLandscapeRight";
				INFOPLIST_KEY_UISupportedInterfaceOrientations_iPhone = "UIInterfaceOrientationPortrait UIInterfaceOrientationLandscapeLeft UIInterfaceOrientationLandscapeRight";
				IPHONEOS_DEPLOYMENT_TARGET = 18.0;
				LD_RUNPATH_SEARCH_PATHS = (
					"$(inherited)",
					"@executable_path/Frameworks",
				);
				MARKETING_VERSION = 1.0;
				PRODUCT_BUNDLE_IDENTIFIER = "Sathvik-Chowdary.TimeBox";
				PRODUCT_NAME = "$(TARGET_NAME)";
				SWIFT_EMIT_LOC_STRINGS = YES;
				SWIFT_VERSION = 5.0;
				TARGETED_DEVICE_FAMILY = "1,2";
			};
			name = Release;
		};
		C23730B72D2C85E800EBA542 /* Debug */ = {
			isa = XCBuildConfiguration;
			buildSettings = {
				BUNDLE_LOADER = "$(TEST_HOST)";
				CODE_SIGN_STYLE = Automatic;
				CURRENT_PROJECT_VERSION = 1;
				DEVELOPMENT_TEAM = Y343B42RKF;
				GENERATE_INFOPLIST_FILE = YES;
				IPHONEOS_DEPLOYMENT_TARGET = 18.2;
				MARKETING_VERSION = 1.0;
				PRODUCT_BUNDLE_IDENTIFIER = "Sathvik-Chowdary.TimeBoxTests";
				PRODUCT_NAME = "$(TARGET_NAME)";
				SWIFT_EMIT_LOC_STRINGS = NO;
				SWIFT_VERSION = 5.0;
				TARGETED_DEVICE_FAMILY = "1,2";
				TEST_HOST = "$(BUILT_PRODUCTS_DIR)/TimeBox.app/$(BUNDLE_EXECUTABLE_FOLDER_PATH)/TimeBox";
			};
			name = Debug;
		};
		C23730B82D2C85E800EBA542 /* Release */ = {
			isa = XCBuildConfiguration;
			buildSettings = {
				BUNDLE_LOADER = "$(TEST_HOST)";
				CODE_SIGN_STYLE = Automatic;
				CURRENT_PROJECT_VERSION = 1;
				DEVELOPMENT_TEAM = Y343B42RKF;
				GENERATE_INFOPLIST_FILE = YES;
				IPHONEOS_DEPLOYMENT_TARGET = 18.2;
				MARKETING_VERSION = 1.0;
				PRODUCT_BUNDLE_IDENTIFIER = "Sathvik-Chowdary.TimeBoxTests";
				PRODUCT_NAME = "$(TARGET_NAME)";
				SWIFT_EMIT_LOC_STRINGS = NO;
				SWIFT_VERSION = 5.0;
				TARGETED_DEVICE_FAMILY = "1,2";
				TEST_HOST = "$(BUILT_PRODUCTS_DIR)/TimeBox.app/$(BUNDLE_EXECUTABLE_FOLDER_PATH)/TimeBox";
			};
			name = Release;
		};
		C23730BA2D2C85E800EBA542 /* Debug */ = {
			isa = XCBuildConfiguration;
			buildSettings = {
				CODE_SIGN_STYLE = Automatic;
				CURRENT_PROJECT_VERSION = 1;
				DEVELOPMENT_TEAM = Y343B42RKF;
				GENERATE_INFOPLIST_FILE = YES;
				MARKETING_VERSION = 1.0;
				PRODUCT_BUNDLE_IDENTIFIER = "Sathvik-Chowdary.TimeBoxUITests";
				PRODUCT_NAME = "$(TARGET_NAME)";
				SWIFT_EMIT_LOC_STRINGS = NO;
				SWIFT_VERSION = 5.0;
				TARGETED_DEVICE_FAMILY = "1,2";
				TEST_TARGET_NAME = TimeBox;
			};
			name = Debug;
		};
		C23730BB2D2C85E800EBA542 /* Release */ = {
			isa = XCBuildConfiguration;
			buildSettings = {
				CODE_SIGN_STYLE = Automatic;
				CURRENT_PROJECT_VERSION = 1;
				DEVELOPMENT_TEAM = Y343B42RKF;
				GENERATE_INFOPLIST_FILE = YES;
				MARKETING_VERSION = 1.0;
				PRODUCT_BUNDLE_IDENTIFIER = "Sathvik-Chowdary.TimeBoxUITests";
				PRODUCT_NAME = "$(TARGET_NAME)";
				SWIFT_EMIT_LOC_STRINGS = NO;
				SWIFT_VERSION = 5.0;
				TARGETED_DEVICE_FAMILY = "1,2";
				TEST_TARGET_NAME = TimeBox;
			};
			name = Release;
		};
/* End XCBuildConfiguration section */

/* Begin XCConfigurationList section */
		C23730852D2C85E700EBA542 /* Build configuration list for PBXProject "TimeBox" */ = {
			isa = XCConfigurationList;
			buildConfigurations = (
				C23730B12D2C85E800EBA542 /* Debug */,
				C23730B22D2C85E800EBA542 /* Release */,
			);
			defaultConfigurationIsVisible = 0;
			defaultConfigurationName = Release;
		};
		C23730B32D2C85E800EBA542 /* Build configuration list for PBXNativeTarget "TimeBox" */ = {
			isa = XCConfigurationList;
			buildConfigurations = (
				C23730B42D2C85E800EBA542 /* Debug */,
				C23730B52D2C85E800EBA542 /* Release */,
			);
			defaultConfigurationIsVisible = 0;
			defaultConfigurationName = Release;
		};
		C23730B62D2C85E800EBA542 /* Build configuration list for PBXNativeTarget "TimeBoxTests" */ = {
			isa = XCConfigurationList;
			buildConfigurations = (
				C23730B72D2C85E800EBA542 /* Debug */,
				C23730B82D2C85E800EBA542 /* Release */,
			);
			defaultConfigurationIsVisible = 0;
			defaultConfigurationName = Release;
		};
		C23730B92D2C85E800EBA542 /* Build configuration list for PBXNativeTarget "TimeBoxUITests" */ = {
			isa = XCConfigurationList;
			buildConfigurations = (
				C23730BA2D2C85E800EBA542 /* Debug */,
				C23730BB2D2C85E800EBA542 /* Release */,
			);
			defaultConfigurationIsVisible = 0;
			defaultConfigurationName = Release;
		};
/* End XCConfigurationList section */
	};
	rootObject = C23730822D2C85E700EBA542 /* Project object */;
}
